
Microsoft Visual Studio Solution File, Format Version 12.00
# Visual Studio Version 16
VisualStudioVersion = 16.0.29418.71
MinimumVisualStudioVersion = 10.0.40219.1
Project("{FAE04EC0-301F-11D3-BF4B-00C04F79EFBC}") = "CredentialManagerConsole", "CredentialManagerConsole\CredentialManagerConsole.csproj", "{B45F16DC-D5DF-47A8-9A88-2F344640FDE5}"
EndProject
Project("{FAE04EC0-301F-11D3-BF4B-00C04F79EFBC}") = "CredentialManagerConsole.Tests", "CredentialManagerConsole.Tests\CredentialManagerConsole.Tests.csproj", "{39A70325-1C91-4EC8-996F-93AA2DD10029}"
EndProject
Global
	GlobalSection(SolutionConfigurationPlatforms) = preSolution
		Debug|Any CPU = Debug|Any CPU
		Release|Any CPU = Release|Any CPU
	EndGlobalSection
	GlobalSection(ProjectConfigurationPlatforms) = postSolution
		{B45F16DC-D5DF-47A8-9A88-2F344640FDE5}.Debug|Any CPU.ActiveCfg = Debug|Any CPU
		{B45F16DC-D5DF-47A8-9A88-2F344640FDE5}.Debug|Any CPU.Build.0 = Debug|Any CPU
		{B45F16DC-D5DF-47A8-9A88-2F344640FDE5}.Release|Any CPU.ActiveCfg = Release|Any CPU
		{B45F16DC-D5DF-47A8-9A88-2F344640FDE5}.Release|Any CPU.Build.0 = Release|Any CPU
		{39A70325-1C91-4EC8-996F-93AA2DD10029}.Debug|Any CPU.ActiveCfg = Debug|Any CPU
		{39A70325-1C91-4EC8-996F-93AA2DD10029}.Debug|Any CPU.Build.0 = Debug|Any CPU
		{39A70325-1C91-4EC8-996F-93AA2DD10029}.Release|Any CPU.ActiveCfg = Release|Any CPU
		{39A70325-1C91-4EC8-996F-93AA2DD10029}.Release|Any CPU.Build.0 = Release|Any CPU
	EndGlobalSection
	GlobalSection(SolutionProperties) = preSolution
		HideSolutionNode = FALSE
	EndGlobalSection
	GlobalSection(ExtensibilityGlobals) = postSolution
		SolutionGuid = {1953DBAA-0B76-427E-B65A-9AB3ACE3477D}
	EndGlobalSection
EndGlobal
